
Microsoft Visual Studio Solution File, Format Version 12.00
# Visual Studio Version 17
VisualStudioVersion = 17.9.34728.123
MinimumVisualStudioVersion = 10.0.40219.1
Project("{FAE04EC0-301F-11D3-BF4B-00C04F79EFBC}") = "CopyMerge", "CopyMerge.csproj", "{802E7BD9-3569-4DB3-BC3B-3D95D70D353D}"
EndProject
Global
	GlobalSection(SolutionConfigurationPlatforms) = preSolution
		Debug|Any CPU = Debug|Any CPU
		Release|Any CPU = Release|Any CPU
	EndGlobalSection
	GlobalSection(ProjectConfigurationPlatforms) = postSolution
		{802E7BD9-3569-4DB3-BC3B-3D95D70D353D}.Debug|Any CPU.ActiveCfg = Debug|Any CPU
		{802E7BD9-3569-4DB3-BC3B-3D95D70D353D}.Debug|Any CPU.Build.0 = Debug|Any CPU
		{802E7BD9-3569-4DB3-BC3B-3D95D70D353D}.Release|Any CPU.ActiveCfg = Release|Any CPU
		{802E7BD9-3569-4DB3-BC3B-3D95D70D353D}.Release|Any CPU.Build.0 = Release|Any CPU
	EndGlobalSection
	GlobalSection(SolutionProperties) = preSolution
		HideSolutionNode = FALSE
	EndGlobalSection
	GlobalSection(ExtensibilityGlobals) = postSolution
		SolutionGuid = {6979AC34-3DC0-46A9-BDE7-82B0FF9EDF27}
	EndGlobalSection
EndGlobal
